github.com/dirkarnez/wait2die v0.0.0-20180615064659-661b2aa00b7a h1:sOIUK07MKIRJrRYLNp/9OAVY5wTJ/tFLHKhmErMxb/E=
github.com/dirkarnez/wait2die v0.0.0-20180615064659-661b2aa00b7a/go.mod h1:ZfrzaZmYxCy0hdC1mGe07+BuN8r/YWSASwRKLWCB1g8=
github.com/play175/wifiNotifier v0.0.0-20190507143508-71dd0d70da7f h1:9UUOPnQ/aB1vIXbbug3Mh2StdyoN/v56mDEXnQUZYKE=
github.com/play175/wifiNotifier v0.0.0-20190507143508-71dd0d70da7f/go.mod h1:DSUJw60Yn9aBeRSh+U5GjnLBoGCF/wS55gRfPxuowQE=
